
Microsoft Visual Studio Solution File, Format Version 12.00
# Visual Studio Version 16
VisualStudioVersion = 16.0.32002.261
MinimumVisualStudioVersion = 10.0.40219.1
Project("{FAE04EC0-301F-11D3-BF4B-00C04F79EFBC}") = "Tic-Tac-Toe", "Tic-Tac-Toe\Tic-Tac-Toe.csproj", "{753E402D-C8FD-43C9-ACF4-8B2E97E6ACBB}"
EndProject
Global
	GlobalSection(SolutionConfigurationPlatforms) = preSolution
		Debug|Any CPU = Debug|Any CPU
		Release|Any CPU = Release|Any CPU
	EndGlobalSection
	GlobalSection(ProjectConfigurationPlatforms) = postSolution
		{753E402D-C8FD-43C9-ACF4-8B2E97E6ACBB}.Debug|Any CPU.ActiveCfg = Debug|Any CPU
		{753E402D-C8FD-43C9-ACF4-8B2E97E6ACBB}.Debug|Any CPU.Build.0 = Debug|Any CPU
		{753E402D-C8FD-43C9-ACF4-8B2E97E6ACBB}.Release|Any CPU.ActiveCfg = Release|Any CPU
		{753E402D-C8FD-43C9-ACF4-8B2E97E6ACBB}.Release|Any CPU.Build.0 = Release|Any CPU
	EndGlobalSection
	GlobalSection(SolutionProperties) = preSolution
		HideSolutionNode = FALSE
	EndGlobalSection
	GlobalSection(ExtensibilityGlobals) = postSolution
		SolutionGuid = {300AF1AD-E898-49A5-B7B0-5F528B473B5A}
	EndGlobalSection
EndGlobal
